
Microsoft Visual Studio Solution File, Format Version 12.00
# Visual Studio Version 17
VisualStudioVersion = 17.3.32901.215
MinimumVisualStudioVersion = 10.0.40219.1
Project("{9A19103F-16F7-4668-BE54-9A1E7A4F7556}") = "Monaco", "Monaco\Monaco.csproj", "{AB88D2DE-FDBB-4BB2-AF71-B1774BB602E1}"
EndProject
Project("{2150E333-8FDC-42A3-9474-1A3956D46DE8}") = "Solution", "Solution", "{BC1EF635-5BF3-4E20-BED5-3F7B5E74C509}"
	ProjectSection(SolutionItems) = preProject
		..\.gitignore = ..\.gitignore
		..\.github\FUNDING.yml = ..\.github\FUNDING.yml
		..\icon_128.png = ..\icon_128.png
		Monaco\libman.json = Monaco\libman.json
		..\LICENSE = ..\LICENSE
		Monaco.sln = Monaco.sln
		..\README.md = ..\README.md
	EndProjectSection
EndProject
Project("{2150E333-8FDC-42A3-9474-1A3956D46DE8}") = "Tests", "Tests", "{3148528A-2A20-41F6-9AF2-40071E58E4EA}"
EndProject
Project("{9A19103F-16F7-4668-BE54-9A1E7A4F7556}") = "MonacoTestApp", "MonacoTestApp\MonacoTestApp.csproj", "{77E03CAE-7818-4A7C-A8E9-8B69573F89E9}"
EndProject
Project("{2150E333-8FDC-42A3-9474-1A3956D46DE8}") = "workflows", "workflows", "{4F8B24EA-DE35-461E-AF93-64442E5EB9BF}"
	ProjectSection(SolutionItems) = preProject
		..\.github\workflows\dotnet.yml = ..\.github\workflows\dotnet.yml
		..\.github\workflows\pull-request.yml = ..\.github\workflows\pull-request.yml
		..\.github\workflows\update-monaco.yml = ..\.github\workflows\update-monaco.yml
	EndProjectSection
EndProject
Global
	GlobalSection(SolutionConfigurationPlatforms) = preSolution
		Debug|Any CPU = Debug|Any CPU
		Debug|arm64 = Debug|arm64
		Debug|x64 = Debug|x64
		Debug|x86 = Debug|x86
		Release|Any CPU = Release|Any CPU
		Release|arm64 = Release|arm64
		Release|x64 = Release|x64
		Release|x86 = Release|x86
	EndGlobalSection
	GlobalSection(ProjectConfigurationPlatforms) = postSolution
		{AB88D2DE-FDBB-4BB2-AF71-B1774BB602E1}.Debug|Any CPU.ActiveCfg = Debug|Any CPU
		{AB88D2DE-FDBB-4BB2-AF71-B1774BB602E1}.Debug|Any CPU.Build.0 = Debug|Any CPU
		{AB88D2DE-FDBB-4BB2-AF71-B1774BB602E1}.Debug|arm64.ActiveCfg = Debug|Any CPU
		{AB88D2DE-FDBB-4BB2-AF71-B1774BB602E1}.Debug|arm64.Build.0 = Debug|Any CPU
		{AB88D2DE-FDBB-4BB2-AF71-B1774BB602E1}.Debug|x64.ActiveCfg = Debug|Any CPU
		{AB88D2DE-FDBB-4BB2-AF71-B1774BB602E1}.Debug|x64.Build.0 = Debug|Any CPU
		{AB88D2DE-FDBB-4BB2-AF71-B1774BB602E1}.Debug|x86.ActiveCfg = Debug|Any CPU
		{AB88D2DE-FDBB-4BB2-AF71-B1774BB602E1}.Debug|x86.Build.0 = Debug|Any CPU
		{AB88D2DE-FDBB-4BB2-AF71-B1774BB602E1}.Release|Any CPU.ActiveCfg = Release|Any CPU
		{AB88D2DE-FDBB-4BB2-AF71-B1774BB602E1}.Release|Any CPU.Build.0 = Release|Any CPU
		{AB88D2DE-FDBB-4BB2-AF71-B1774BB602E1}.Release|arm64.ActiveCfg = Release|Any CPU
		{AB88D2DE-FDBB-4BB2-AF71-B1774BB602E1}.Release|arm64.Build.0 = Release|Any CPU
		{AB88D2DE-FDBB-4BB2-AF71-B1774BB602E1}.Release|x64.ActiveCfg = Release|Any CPU
		{AB88D2DE-FDBB-4BB2-AF71-B1774BB602E1}.Release|x64.Build.0 = Release|Any CPU
		{AB88D2DE-FDBB-4BB2-AF71-B1774BB602E1}.Release|x86.ActiveCfg = Release|Any CPU
		{AB88D2DE-FDBB-4BB2-AF71-B1774BB602E1}.Release|x86.Build.0 = Release|Any CPU
		{77E03CAE-7818-4A7C-A8E9-8B69573F89E9}.Debug|Any CPU.ActiveCfg = Debug|x64
		{77E03CAE-7818-4A7C-A8E9-8B69573F89E9}.Debug|Any CPU.Build.0 = Debug|x64
		{77E03CAE-7818-4A7C-A8E9-8B69573F89E9}.Debug|Any CPU.Deploy.0 = Debug|x64
		{77E03CAE-7818-4A7C-A8E9-8B69573F89E9}.Debug|arm64.ActiveCfg = Debug|arm64
		{77E03CAE-7818-4A7C-A8E9-8B69573F89E9}.Debug|arm64.Build.0 = Debug|arm64
		{77E03CAE-7818-4A7C-A8E9-8B69573F89E9}.Debug|arm64.Deploy.0 = Debug|arm64
		{77E03CAE-7818-4A7C-A8E9-8B69573F89E9}.Debug|x64.ActiveCfg = Debug|x64
		{77E03CAE-7818-4A7C-A8E9-8B69573F89E9}.Debug|x64.Build.0 = Debug|x64
		{77E03CAE-7818-4A7C-A8E9-8B69573F89E9}.Debug|x64.Deploy.0 = Debug|x64
		{77E03CAE-7818-4A7C-A8E9-8B69573F89E9}.Debug|x86.ActiveCfg = Debug|x86
		{77E03CAE-7818-4A7C-A8E9-8B69573F89E9}.Debug|x86.Build.0 = Debug|x86
		{77E03CAE-7818-4A7C-A8E9-8B69573F89E9}.Debug|x86.Deploy.0 = Debug|x86
		{77E03CAE-7818-4A7C-A8E9-8B69573F89E9}.Release|Any CPU.ActiveCfg = Release|x64
		{77E03CAE-7818-4A7C-A8E9-8B69573F89E9}.Release|Any CPU.Build.0 = Release|x64
		{77E03CAE-7818-4A7C-A8E9-8B69573F89E9}.Release|Any CPU.Deploy.0 = Release|x64
		{77E03CAE-7818-4A7C-A8E9-8B69573F89E9}.Release|arm64.ActiveCfg = Release|arm64
		{77E03CAE-7818-4A7C-A8E9-8B69573F89E9}.Release|arm64.Build.0 = Release|arm64
		{77E03CAE-7818-4A7C-A8E9-8B69573F89E9}.Release|arm64.Deploy.0 = Release|arm64
		{77E03CAE-7818-4A7C-A8E9-8B69573F89E9}.Release|x64.ActiveCfg = Release|x64
		{77E03CAE-7818-4A7C-A8E9-8B69573F89E9}.Release|x64.Build.0 = Release|x64
		{77E03CAE-7818-4A7C-A8E9-8B69573F89E9}.Release|x64.Deploy.0 = Release|x64
		{77E03CAE-7818-4A7C-A8E9-8B69573F89E9}.Release|x86.ActiveCfg = Release|x86
		{77E03CAE-7818-4A7C-A8E9-8B69573F89E9}.Release|x86.Build.0 = Release|x86
		{77E03CAE-7818-4A7C-A8E9-8B69573F89E9}.Release|x86.Deploy.0 = Release|x86
	EndGlobalSection
	GlobalSection(SolutionProperties) = preSolution
		HideSolutionNode = FALSE
	EndGlobalSection
	GlobalSection(NestedProjects) = preSolution
		{77E03CAE-7818-4A7C-A8E9-8B69573F89E9} = {3148528A-2A20-41F6-9AF2-40071E58E4EA}
		{4F8B24EA-DE35-461E-AF93-64442E5EB9BF} = {BC1EF635-5BF3-4E20-BED5-3F7B5E74C509}
	EndGlobalSection
	GlobalSection(ExtensibilityGlobals) = postSolution
		SolutionGuid = {F2DFB2CF-CD47-4CFA-BE83-172837893055}
	EndGlobalSection
EndGlobal
